
Microsoft Visual Studio Solution File, Format Version 12.00
# Visual Studio Version 17
VisualStudioVersion = 17.9.34723.18
MinimumVisualStudioVersion = 10.0.40219.1
Project("{FAE04EC0-301F-11D3-BF4B-00C04F79EFBC}") = "Name-Sorter", "Name-Sorter\Name-Sorter.csproj", "{DBCC2441-9256-49F8-A2B2-07D6FE4E2ED6}"
EndProject
Project("{FAE04EC0-301F-11D3-BF4B-00C04F79EFBC}") = "Name-Sorter.Tests", "Name-Sorter.Tests\Name-Sorter.Tests.csproj", "{8202D1DA-6C44-41A3-909F-564B99C6BB7F}"
EndProject
Global
	GlobalSection(SolutionConfigurationPlatforms) = preSolution
		Debug|Any CPU = Debug|Any CPU
		Release|Any CPU = Release|Any CPU
	EndGlobalSection
	GlobalSection(ProjectConfigurationPlatforms) = postSolution
		{DBCC2441-9256-49F8-A2B2-07D6FE4E2ED6}.Debug|Any CPU.ActiveCfg = Debug|Any CPU
		{DBCC2441-9256-49F8-A2B2-07D6FE4E2ED6}.Debug|Any CPU.Build.0 = Debug|Any CPU
		{DBCC2441-9256-49F8-A2B2-07D6FE4E2ED6}.Release|Any CPU.ActiveCfg = Release|Any CPU
		{DBCC2441-9256-49F8-A2B2-07D6FE4E2ED6}.Release|Any CPU.Build.0 = Release|Any CPU
		{8202D1DA-6C44-41A3-909F-564B99C6BB7F}.Debug|Any CPU.ActiveCfg = Debug|Any CPU
		{8202D1DA-6C44-41A3-909F-564B99C6BB7F}.Debug|Any CPU.Build.0 = Debug|Any CPU
		{8202D1DA-6C44-41A3-909F-564B99C6BB7F}.Release|Any CPU.ActiveCfg = Release|Any CPU
		{8202D1DA-6C44-41A3-909F-564B99C6BB7F}.Release|Any CPU.Build.0 = Release|Any CPU
	EndGlobalSection
	GlobalSection(SolutionProperties) = preSolution
		HideSolutionNode = FALSE
	EndGlobalSection
	GlobalSection(ExtensibilityGlobals) = postSolution
		SolutionGuid = {D20C705F-2868-4A4E-B701-69985317E060}
	EndGlobalSection
EndGlobal
